
Microsoft Visual Studio Solution File, Format Version 12.00
# Visual Studio Version 16
VisualStudioVersion = 16.0.32602.291
MinimumVisualStudioVersion = 10.0.40219.1
Project("{FAE04EC0-301F-11D3-BF4B-00C04F79EFBC}") = "TampApp", "TampApp\TampApp.csproj", "{9E53DBF6-F358-4CD9-B8A2-C32EBF3186EF}"
EndProject
Global
	GlobalSection(SolutionConfigurationPlatforms) = preSolution
		Debug|Any CPU = Debug|Any CPU
		Release|Any CPU = Release|Any CPU
	EndGlobalSection
	GlobalSection(ProjectConfigurationPlatforms) = postSolution
		{9E53DBF6-F358-4CD9-B8A2-C32EBF3186EF}.Debug|Any CPU.ActiveCfg = Debug|Any CPU
		{9E53DBF6-F358-4CD9-B8A2-C32EBF3186EF}.Debug|Any CPU.Build.0 = Debug|Any CPU
		{9E53DBF6-F358-4CD9-B8A2-C32EBF3186EF}.Release|Any CPU.ActiveCfg = Release|Any CPU
		{9E53DBF6-F358-4CD9-B8A2-C32EBF3186EF}.Release|Any CPU.Build.0 = Release|Any CPU
	EndGlobalSection
	GlobalSection(SolutionProperties) = preSolution
		HideSolutionNode = FALSE
	EndGlobalSection
	GlobalSection(ExtensibilityGlobals) = postSolution
		SolutionGuid = {0D4E92E2-532C-497A-96DF-7472C5677631}
	EndGlobalSection
EndGlobal
